// !$*UTF8*$!
{
	archiveVersion = 1;
	classes = {
	};
	objectVersion = 46;
	objects = {

/* Begin PBXBuildFile section */
		03F76CF796D8F7E2B1EBFD7E /* Pods.framework in Frameworks */ = {isa = PBXBuildFile; fileRef = 25DA83160369F01018BE7B4A /* Pods.framework */; };
		2E65424E1C219BA3007AE628 /* TeacherCollectionCell.swift in Sources */ = {isa = PBXBuildFile; fileRef = 2E65424D1C219BA3007AE628 /* TeacherCollectionCell.swift */; };
		304135A41C23AE6400830C43 /* AppDelegate.swift in Sources */ = {isa = PBXBuildFile; fileRef = 304135821C23AE6400830C43 /* AppDelegate.swift */; };
		304135A51C23AE6400830C43 /* AppDelegate.swift in Sources */ = {isa = PBXBuildFile; fileRef = 304135821C23AE6400830C43 /* AppDelegate.swift */; };
		304135A61C23AE6400830C43 /* Assets.xcassets in Resources */ = {isa = PBXBuildFile; fileRef = 304135881C23AE6400830C43 /* Assets.xcassets */; };
		304135A71C23AE6400830C43 /* Assets.xcassets in Resources */ = {isa = PBXBuildFile; fileRef = 304135881C23AE6400830C43 /* Assets.xcassets */; };
		304135A81C23AE6400830C43 /* LaunchScreen.storyboard in Resources */ = {isa = PBXBuildFile; fileRef = 304135891C23AE6400830C43 /* LaunchScreen.storyboard */; };
		304135AC1C23AE6400830C43 /* HTTPSecurity.swift in Sources */ = {isa = PBXBuildFile; fileRef = 3041358F1C23AE6400830C43 /* HTTPSecurity.swift */; };
		304135AE1C23AE6400830C43 /* LICENSE in Resources */ = {isa = PBXBuildFile; fileRef = 304135901C23AE6400830C43 /* LICENSE */; };
		304135B01C23AE6400830C43 /* Operation.swift in Sources */ = {isa = PBXBuildFile; fileRef = 304135911C23AE6400830C43 /* Operation.swift */; };
		304135B41C23AE6400830C43 /* Request.swift in Sources */ = {isa = PBXBuildFile; fileRef = 304135931C23AE6400830C43 /* Request.swift */; };
		304135B61C23AE6400830C43 /* StatusCode.swift in Sources */ = {isa = PBXBuildFile; fileRef = 304135941C23AE6400830C43 /* StatusCode.swift */; };
		304135B81C23AE6400830C43 /* Upload.swift in Sources */ = {isa = PBXBuildFile; fileRef = 304135951C23AE6400830C43 /* Upload.swift */; };
		304135C21C23AE6400830C43 /* BackAPI.swift in Sources */ = {isa = PBXBuildFile; fileRef = 3041359B1C23AE6400830C43 /* BackAPI.swift */; };
		304135C41C23AE6400830C43 /* DataViewController.swift in Sources */ = {isa = PBXBuildFile; fileRef = 3041359C1C23AE6400830C43 /* DataViewController.swift */; };
		304135C61C23AE6400830C43 /* FeedbackViewController.swift in Sources */ = {isa = PBXBuildFile; fileRef = 3041359D1C23AE6400830C43 /* FeedbackViewController.swift */; };
		304135C81C23AE6400830C43 /* LoginViewController.swift in Sources */ = {isa = PBXBuildFile; fileRef = 3041359E1C23AE6400830C43 /* LoginViewController.swift */; };
		304135CA1C23AE6400830C43 /* ModelController.swift in Sources */ = {isa = PBXBuildFile; fileRef = 3041359F1C23AE6400830C43 /* ModelController.swift */; };
		304135CC1C23AE6400830C43 /* MyCommentListViewController.swift in Sources */ = {isa = PBXBuildFile; fileRef = 304135A01C23AE6400830C43 /* MyCommentListViewController.swift */; };
		304135D01C23AE6400830C43 /* TimetableViewController.swift in Sources */ = {isa = PBXBuildFile; fileRef = 304135A21C23AE6400830C43 /* TimetableViewController.swift */; };
		3077884F1C297C34007AF6B0 /* Extension+UIImage.swift in Sources */ = {isa = PBXBuildFile; fileRef = 3077884E1C297C34007AF6B0 /* Extension+UIImage.swift */; };
		307788501C297C34007AF6B0 /* Extension+UIImage.swift in Sources */ = {isa = PBXBuildFile; fileRef = 3077884E1C297C34007AF6B0 /* Extension+UIImage.swift */; };
		307788521C2A3D7A007AF6B0 /* FilterCondition.plist in Resources */ = {isa = PBXBuildFile; fileRef = 307788511C2A3D7A007AF6B0 /* FilterCondition.plist */; };
		307788581C2A58B1007AF6B0 /* OperatorOverload.swift in Sources */ = {isa = PBXBuildFile; fileRef = 307788571C2A58B1007AF6B0 /* OperatorOverload.swift */; };
		307788591C2A58B1007AF6B0 /* OperatorOverload.swift in Sources */ = {isa = PBXBuildFile; fileRef = 307788571C2A58B1007AF6B0 /* OperatorOverload.swift */; };
		307AB85D1C3165FC00D8397F /* NetworkTool.swift in Sources */ = {isa = PBXBuildFile; fileRef = 30E3366D1C27C44600DCF1C5 /* NetworkTool.swift */; };
		307AB8601C323BDF00D8397F /* TeacherModel.swift in Sources */ = {isa = PBXBuildFile; fileRef = 2ECF91491C2ACE7000904C3A /* TeacherModel.swift */; };
		307AB8611C323BDF00D8397F /* TeacherCollectionViewCell.swift in Sources */ = {isa = PBXBuildFile; fileRef = 2ECF914F1C30F6C400904C3A /* TeacherCollectionViewCell.swift */; };
		307AB8621C323EC300D8397F /* FilterCondition.plist in Resources */ = {isa = PBXBuildFile; fileRef = 307788511C2A3D7A007AF6B0 /* FilterCondition.plist */; };
		30AE09301C2AC92000FD607D /* TeacherFilterView.swift in Sources */ = {isa = PBXBuildFile; fileRef = 30AE092F1C2AC92000FD607D /* TeacherFilterView.swift */; };
		30AE09311C2AC92000FD607D /* TeacherFilterView.swift in Sources */ = {isa = PBXBuildFile; fileRef = 30AE092F1C2AC92000FD607D /* TeacherFilterView.swift */; };
		30AE09331C2AC94F00FD607D /* FilterViewCell.swift in Sources */ = {isa = PBXBuildFile; fileRef = 30AE09321C2AC94F00FD607D /* FilterViewCell.swift */; };
		30AE09341C2AC94F00FD607D /* FilterViewCell.swift in Sources */ = {isa = PBXBuildFile; fileRef = 30AE09321C2AC94F00FD607D /* FilterViewCell.swift */; };
		30AE09361C2BE56D00FD607D /* DropView.swift in Sources */ = {isa = PBXBuildFile; fileRef = 30AE09351C2BE56D00FD607D /* DropView.swift */; };
		30AE09371C2BE56D00FD607D /* DropView.swift in Sources */ = {isa = PBXBuildFile; fileRef = 30AE09351C2BE56D00FD607D /* DropView.swift */; };
		30D4A9FC1C23D81100C5A336 /* MainNavigationController.swift in Sources */ = {isa = PBXBuildFile; fileRef = 30D4A9FB1C23D81100C5A336 /* MainNavigationController.swift */; };
		30D4A9FD1C23D81100C5A336 /* MainNavigationController.swift in Sources */ = {isa = PBXBuildFile; fileRef = 30D4A9FB1C23D81100C5A336 /* MainNavigationController.swift */; };
		30D4A9FF1C23DF0C00C5A336 /* HomeViewController.swift in Sources */ = {isa = PBXBuildFile; fileRef = 30D4A9FE1C23DF0C00C5A336 /* HomeViewController.swift */; };
		30D4AA001C23DF0C00C5A336 /* HomeViewController.swift in Sources */ = {isa = PBXBuildFile; fileRef = 30D4A9FE1C23DF0C00C5A336 /* HomeViewController.swift */; };
		30D4AA021C23DF2200C5A336 /* ProfileViewController.swift in Sources */ = {isa = PBXBuildFile; fileRef = 30D4AA011C23DF2200C5A336 /* ProfileViewController.swift */; };
		30D4AA031C23DF2200C5A336 /* ProfileViewController.swift in Sources */ = {isa = PBXBuildFile; fileRef = 30D4AA011C23DF2200C5A336 /* ProfileViewController.swift */; };
		30D4AA041C23E03600C5A336 /* RootViewController.swift in Sources */ = {isa = PBXBuildFile; fileRef = 304135A11C23AE6400830C43 /* RootViewController.swift */; };
		30D4AA051C23E07600C5A336 /* Common.swift in Sources */ = {isa = PBXBuildFile; fileRef = 30F9E6C41C23BF6F0022A3BF /* Common.swift */; };
		30D4AA071C23F04B00C5A336 /* CommonFlowLayout.swift in Sources */ = {isa = PBXBuildFile; fileRef = 30D4AA061C23F04B00C5A336 /* CommonFlowLayout.swift */; };
		30D4AA081C23F04B00C5A336 /* CommonFlowLayout.swift in Sources */ = {isa = PBXBuildFile; fileRef = 30D4AA061C23F04B00C5A336 /* CommonFlowLayout.swift */; };
		30D4AA131C2417A700C5A336 /* Extension+UIButton.swift in Sources */ = {isa = PBXBuildFile; fileRef = 30D4AA121C2417A700C5A336 /* Extension+UIButton.swift */; };
		30D4AA141C2417A700C5A336 /* Extension+UIButton.swift in Sources */ = {isa = PBXBuildFile; fileRef = 30D4AA121C2417A700C5A336 /* Extension+UIButton.swift */; };
		30E3365E1C27A82C00DCF1C5 /* Extension+UIColor.swift in Sources */ = {isa = PBXBuildFile; fileRef = 30E3365D1C27A82C00DCF1C5 /* Extension+UIColor.swift */; };
		30E3365F1C27A82C00DCF1C5 /* Extension+UIColor.swift in Sources */ = {isa = PBXBuildFile; fileRef = 30E3365D1C27A82C00DCF1C5 /* Extension+UIColor.swift */; };
		30E336611C27A8AA00DCF1C5 /* BaseObjectModel.swift in Sources */ = {isa = PBXBuildFile; fileRef = 30E336601C27A8AA00DCF1C5 /* BaseObjectModel.swift */; };
		30E336621C27A8AA00DCF1C5 /* BaseObjectModel.swift in Sources */ = {isa = PBXBuildFile; fileRef = 30E336601C27A8AA00DCF1C5 /* BaseObjectModel.swift */; };
		30E3366E1C27C44600DCF1C5 /* NetworkTool.swift in Sources */ = {isa = PBXBuildFile; fileRef = 30E3366D1C27C44600DCF1C5 /* NetworkTool.swift */; };
		30E336721C27F41900DCF1C5 /* GradeModel.swift in Sources */ = {isa = PBXBuildFile; fileRef = 30E336711C27F41900DCF1C5 /* GradeModel.swift */; };
		30E336741C27F61900DCF1C5 /* ResultModel.swift in Sources */ = {isa = PBXBuildFile; fileRef = 30E336731C27F61900DCF1C5 /* ResultModel.swift */; };
		30E336751C27F61900DCF1C5 /* ResultModel.swift in Sources */ = {isa = PBXBuildFile; fileRef = 30E336731C27F61900DCF1C5 /* ResultModel.swift */; };
		30E336761C28061700DCF1C5 /* GradeModel.swift in Sources */ = {isa = PBXBuildFile; fileRef = 30E336711C27F41900DCF1C5 /* GradeModel.swift */; };
		30F9E6C51C23BF6F0022A3BF /* Common.swift in Sources */ = {isa = PBXBuildFile; fileRef = 30F9E6C41C23BF6F0022A3BF /* Common.swift */; };
		30F9E6C81C23D23C0022A3BF /* MainViewController.swift in Sources */ = {isa = PBXBuildFile; fileRef = 30F9E6C71C23D23C0022A3BF /* MainViewController.swift */; };
		30F9E6C91C23D23C0022A3BF /* MainViewController.swift in Sources */ = {isa = PBXBuildFile; fileRef = 30F9E6C71C23D23C0022A3BF /* MainViewController.swift */; };
		357E6A1C1C0FF2EE0009AF9A /* BindCardViewController.swift in Sources */ = {isa = PBXBuildFile; fileRef = 357E6A161C0FF2EE0009AF9A /* BindCardViewController.swift */; };
		357E6A1D1C0FF2EE0009AF9A /* IncomeViewController.swift in Sources */ = {isa = PBXBuildFile; fileRef = 357E6A171C0FF2EE0009AF9A /* IncomeViewController.swift */; };
		357E6A1E1C0FF2EE0009AF9A /* InterviewStatusViewController.swift in Sources */ = {isa = PBXBuildFile; fileRef = 357E6A181C0FF2EE0009AF9A /* InterviewStatusViewController.swift */; };
		357E6A1F1C0FF2EE0009AF9A /* JoinViewController.swift in Sources */ = {isa = PBXBuildFile; fileRef = 357E6A191C0FF2EE0009AF9A /* JoinViewController.swift */; };
		357E6A201C0FF2EE0009AF9A /* TransactionListViewController.swift in Sources */ = {isa = PBXBuildFile; fileRef = 357E6A1A1C0FF2EE0009AF9A /* TransactionListViewController.swift */; };
		357E6A211C0FF2EE0009AF9A /* WithdrawViewController.swift in Sources */ = {isa = PBXBuildFile; fileRef = 357E6A1B1C0FF2EE0009AF9A /* WithdrawViewController.swift */; };
		357E6A341C0FF3010009AF9A /* OrderDetailViewController.swift in Sources */ = {isa = PBXBuildFile; fileRef = 357E6A261C0FF3010009AF9A /* OrderDetailViewController.swift */; };
		35D7A2F71C0FE82E007D7679 /* Main.storyboard in Resources */ = {isa = PBXBuildFile; fileRef = 35D7A2F51C0FE82E007D7679 /* Main.storyboard */; };
		4B7729A525CC171AFEC029E0 /* Pods.framework in Frameworks */ = {isa = PBXBuildFile; fileRef = 25DA83160369F01018BE7B4A /* Pods.framework */; };
/* End PBXBuildFile section */

/* Begin PBXFileReference section */
		075DD8C5C398CF777FE8BF2C /* Pods.debug.xcconfig */ = {isa = PBXFileReference; includeInIndex = 1; lastKnownFileType = text.xcconfig; name = Pods.debug.xcconfig; path = "Pods/Target Support Files/Pods/Pods.debug.xcconfig"; sourceTree = "<group>"; };
		25DA83160369F01018BE7B4A /* Pods.framework */ = {isa = PBXFileReference; explicitFileType = wrapper.framework; includeInIndex = 0; path = Pods.framework; sourceTree = BUILT_PRODUCTS_DIR; };
		2E65424D1C219BA3007AE628 /* TeacherCollectionCell.swift */ = {isa = PBXFileReference; fileEncoding = 4; lastKnownFileType = sourcecode.swift; path = TeacherCollectionCell.swift; sourceTree = "<group>"; };
		2ECF91491C2ACE7000904C3A /* TeacherModel.swift */ = {isa = PBXFileReference; fileEncoding = 4; lastKnownFileType = sourcecode.swift; path = TeacherModel.swift; sourceTree = "<group>"; };
		2ECF914F1C30F6C400904C3A /* TeacherCollectionViewCell.swift */ = {isa = PBXFileReference; fileEncoding = 4; lastKnownFileType = sourcecode.swift; path = TeacherCollectionViewCell.swift; sourceTree = "<group>"; };
		304135821C23AE6400830C43 /* AppDelegate.swift */ = {isa = PBXFileReference; fileEncoding = 4; lastKnownFileType = sourcecode.swift; path = AppDelegate.swift; sourceTree = "<group>"; };
		304135881C23AE6400830C43 /* Assets.xcassets */ = {isa = PBXFileReference; lastKnownFileType = folder.assetcatalog; path = Assets.xcassets; sourceTree = "<group>"; };
		3041358A1C23AE6400830C43 /* Base */ = {isa = PBXFileReference; lastKnownFileType = file.storyboard; name = Base; path = Base.lproj/LaunchScreen.storyboard; sourceTree = "<group>"; };
		3041358E1C23AE6400830C43 /* CHANGELOG.md */ = {isa = PBXFileReference; fileEncoding = 4; lastKnownFileType = net.daringfireball.markdown; path = CHANGELOG.md; sourceTree = "<group>"; };
		3041358F1C23AE6400830C43 /* HTTPSecurity.swift */ = {isa = PBXFileReference; fileEncoding = 4; lastKnownFileType = sourcecode.swift; path = HTTPSecurity.swift; sourceTree = "<group>"; };
		304135901C23AE6400830C43 /* LICENSE */ = {isa = PBXFileReference; fileEncoding = 4; lastKnownFileType = text; path = LICENSE; sourceTree = "<group>"; };
		304135911C23AE6400830C43 /* Operation.swift */ = {isa = PBXFileReference; fileEncoding = 4; lastKnownFileType = sourcecode.swift; path = Operation.swift; sourceTree = "<group>"; };
		304135921C23AE6400830C43 /* README.md */ = {isa = PBXFileReference; fileEncoding = 4; lastKnownFileType = net.daringfireball.markdown; path = README.md; sourceTree = "<group>"; };
		304135931C23AE6400830C43 /* Request.swift */ = {isa = PBXFileReference; fileEncoding = 4; lastKnownFileType = sourcecode.swift; path = Request.swift; sourceTree = "<group>"; };
		304135941C23AE6400830C43 /* StatusCode.swift */ = {isa = PBXFileReference; fileEncoding = 4; lastKnownFileType = sourcecode.swift; path = StatusCode.swift; sourceTree = "<group>"; };
		304135951C23AE6400830C43 /* Upload.swift */ = {isa = PBXFileReference; fileEncoding = 4; lastKnownFileType = sourcecode.swift; path = Upload.swift; sourceTree = "<group>"; };
		3041359B1C23AE6400830C43 /* BackAPI.swift */ = {isa = PBXFileReference; fileEncoding = 4; lastKnownFileType = sourcecode.swift; path = BackAPI.swift; sourceTree = "<group>"; };
		3041359C1C23AE6400830C43 /* DataViewController.swift */ = {isa = PBXFileReference; fileEncoding = 4; lastKnownFileType = sourcecode.swift; path = DataViewController.swift; sourceTree = "<group>"; };
		3041359D1C23AE6400830C43 /* FeedbackViewController.swift */ = {isa = PBXFileReference; fileEncoding = 4; lastKnownFileType = sourcecode.swift; path = FeedbackViewController.swift; sourceTree = "<group>"; };
		3041359E1C23AE6400830C43 /* LoginViewController.swift */ = {isa = PBXFileReference; fileEncoding = 4; lastKnownFileType = sourcecode.swift; path = LoginViewController.swift; sourceTree = "<group>"; };
		3041359F1C23AE6400830C43 /* ModelController.swift */ = {isa = PBXFileReference; fileEncoding = 4; lastKnownFileType = sourcecode.swift; path = ModelController.swift; sourceTree = "<group>"; };
		304135A01C23AE6400830C43 /* MyCommentListViewController.swift */ = {isa = PBXFileReference; fileEncoding = 4; lastKnownFileType = sourcecode.swift; path = MyCommentListViewController.swift; sourceTree = "<group>"; };
		304135A11C23AE6400830C43 /* RootViewController.swift */ = {isa = PBXFileReference; fileEncoding = 4; lastKnownFileType = sourcecode.swift; path = RootViewController.swift; sourceTree = "<group>"; };
		304135A21C23AE6400830C43 /* TimetableViewController.swift */ = {isa = PBXFileReference; fileEncoding = 4; lastKnownFileType = sourcecode.swift; path = TimetableViewController.swift; sourceTree = "<group>"; };
		3077884E1C297C34007AF6B0 /* Extension+UIImage.swift */ = {isa = PBXFileReference; fileEncoding = 4; lastKnownFileType = sourcecode.swift; path = "Extension+UIImage.swift"; sourceTree = "<group>"; };
		307788511C2A3D7A007AF6B0 /* FilterCondition.plist */ = {isa = PBXFileReference; fileEncoding = 4; lastKnownFileType = text.plist.xml; path = FilterCondition.plist; sourceTree = "<group>"; };
		307788571C2A58B1007AF6B0 /* OperatorOverload.swift */ = {isa = PBXFileReference; fileEncoding = 4; lastKnownFileType = sourcecode.swift; path = OperatorOverload.swift; sourceTree = "<group>"; };
		30AE092F1C2AC92000FD607D /* TeacherFilterView.swift */ = {isa = PBXFileReference; fileEncoding = 4; lastKnownFileType = sourcecode.swift; path = TeacherFilterView.swift; sourceTree = "<group>"; };
		30AE09321C2AC94F00FD607D /* FilterViewCell.swift */ = {isa = PBXFileReference; fileEncoding = 4; lastKnownFileType = sourcecode.swift; path = FilterViewCell.swift; sourceTree = "<group>"; };
		30AE09351C2BE56D00FD607D /* DropView.swift */ = {isa = PBXFileReference; fileEncoding = 4; lastKnownFileType = sourcecode.swift; path = DropView.swift; sourceTree = "<group>"; };
		30D4A9FB1C23D81100C5A336 /* MainNavigationController.swift */ = {isa = PBXFileReference; fileEncoding = 4; lastKnownFileType = sourcecode.swift; path = MainNavigationController.swift; sourceTree = "<group>"; };
		30D4A9FE1C23DF0C00C5A336 /* HomeViewController.swift */ = {isa = PBXFileReference; fileEncoding = 4; lastKnownFileType = sourcecode.swift; path = HomeViewController.swift; sourceTree = "<group>"; };
		30D4AA011C23DF2200C5A336 /* ProfileViewController.swift */ = {isa = PBXFileReference; fileEncoding = 4; lastKnownFileType = sourcecode.swift; path = ProfileViewController.swift; sourceTree = "<group>"; };
		30D4AA061C23F04B00C5A336 /* CommonFlowLayout.swift */ = {isa = PBXFileReference; fileEncoding = 4; lastKnownFileType = sourcecode.swift; name = CommonFlowLayout.swift; path = ../View/CommonFlowLayout.swift; sourceTree = "<group>"; };
		30D4AA121C2417A700C5A336 /* Extension+UIButton.swift */ = {isa = PBXFileReference; fileEncoding = 4; lastKnownFileType = sourcecode.swift; path = "Extension+UIButton.swift"; sourceTree = "<group>"; };
		30E3365D1C27A82C00DCF1C5 /* Extension+UIColor.swift */ = {isa = PBXFileReference; fileEncoding = 4; lastKnownFileType = sourcecode.swift; path = "Extension+UIColor.swift"; sourceTree = "<group>"; };
		30E336601C27A8AA00DCF1C5 /* BaseObjectModel.swift */ = {isa = PBXFileReference; fileEncoding = 4; lastKnownFileType = sourcecode.swift; path = BaseObjectModel.swift; sourceTree = "<group>"; };
		30E3366D1C27C44600DCF1C5 /* NetworkTool.swift */ = {isa = PBXFileReference; fileEncoding = 4; lastKnownFileType = sourcecode.swift; path = NetworkTool.swift; sourceTree = "<group>"; };
		30E336711C27F41900DCF1C5 /* GradeModel.swift */ = {isa = PBXFileReference; fileEncoding = 4; lastKnownFileType = sourcecode.swift; path = GradeModel.swift; sourceTree = "<group>"; };
		30E336731C27F61900DCF1C5 /* ResultModel.swift */ = {isa = PBXFileReference; fileEncoding = 4; lastKnownFileType = sourcecode.swift; path = ResultModel.swift; sourceTree = "<group>"; };
		30F9E6C41C23BF6F0022A3BF /* Common.swift */ = {isa = PBXFileReference; fileEncoding = 4; lastKnownFileType = sourcecode.swift; path = Common.swift; sourceTree = "<group>"; };
		30F9E6C71C23D23C0022A3BF /* MainViewController.swift */ = {isa = PBXFileReference; fileEncoding = 4; lastKnownFileType = sourcecode.swift; path = MainViewController.swift; sourceTree = "<group>"; };
		357E6A141C0FF1FF0009AF9A /* Base */ = {isa = PBXFileReference; lastKnownFileType = file.storyboard; name = Base; path = Base.lproj/Main.storyboard; sourceTree = "<group>"; };
		357E6A161C0FF2EE0009AF9A /* BindCardViewController.swift */ = {isa = PBXFileReference; fileEncoding = 4; lastKnownFileType = sourcecode.swift; path = BindCardViewController.swift; sourceTree = "<group>"; };
		357E6A171C0FF2EE0009AF9A /* IncomeViewController.swift */ = {isa = PBXFileReference; fileEncoding = 4; lastKnownFileType = sourcecode.swift; path = IncomeViewController.swift; sourceTree = "<group>"; };
		357E6A181C0FF2EE0009AF9A /* InterviewStatusViewController.swift */ = {isa = PBXFileReference; fileEncoding = 4; lastKnownFileType = sourcecode.swift; path = InterviewStatusViewController.swift; sourceTree = "<group>"; };
		357E6A191C0FF2EE0009AF9A /* JoinViewController.swift */ = {isa = PBXFileReference; fileEncoding = 4; lastKnownFileType = sourcecode.swift; path = JoinViewController.swift; sourceTree = "<group>"; };
		357E6A1A1C0FF2EE0009AF9A /* TransactionListViewController.swift */ = {isa = PBXFileReference; fileEncoding = 4; lastKnownFileType = sourcecode.swift; path = TransactionListViewController.swift; sourceTree = "<group>"; };
		357E6A1B1C0FF2EE0009AF9A /* WithdrawViewController.swift */ = {isa = PBXFileReference; fileEncoding = 4; lastKnownFileType = sourcecode.swift; path = WithdrawViewController.swift; sourceTree = "<group>"; };
		357E6A221C0FF3010009AF9A /* AddressListViewController.swift */ = {isa = PBXFileReference; fileEncoding = 4; lastKnownFileType = sourcecode.swift; path = AddressListViewController.swift; sourceTree = "<group>"; };
		357E6A231C0FF3010009AF9A /* CouponListViewController.swift */ = {isa = PBXFileReference; fileEncoding = 4; lastKnownFileType = sourcecode.swift; path = CouponListViewController.swift; sourceTree = "<group>"; };
		357E6A241C0FF3010009AF9A /* MemberServiceDetailViewController.swift */ = {isa = PBXFileReference; fileEncoding = 4; lastKnownFileType = sourcecode.swift; path = MemberServiceDetailViewController.swift; sourceTree = "<group>"; };
		357E6A251C0FF3010009AF9A /* MemberServiceListViewController.swift */ = {isa = PBXFileReference; fileEncoding = 4; lastKnownFileType = sourcecode.swift; path = MemberServiceListViewController.swift; sourceTree = "<group>"; };
		357E6A261C0FF3010009AF9A /* OrderDetailViewController.swift */ = {isa = PBXFileReference; fileEncoding = 4; lastKnownFileType = sourcecode.swift; path = OrderDetailViewController.swift; sourceTree = "<group>"; };
		357E6A271C0FF3010009AF9A /* PaymentMethodViewController.swift */ = {isa = PBXFileReference; fileEncoding = 4; lastKnownFileType = sourcecode.swift; path = PaymentMethodViewController.swift; sourceTree = "<group>"; };
		357E6A281C0FF3010009AF9A /* PaymentResultViewController.swift */ = {isa = PBXFileReference; fileEncoding = 4; lastKnownFileType = sourcecode.swift; path = PaymentResultViewController.swift; sourceTree = "<group>"; };
		357E6A291C0FF3010009AF9A /* PlaceOrderViewController.swift */ = {isa = PBXFileReference; fileEncoding = 4; lastKnownFileType = sourcecode.swift; path = PlaceOrderViewController.swift; sourceTree = "<group>"; };
		357E6A2A1C0FF3010009AF9A /* RateCourseViewController.swift */ = {isa = PBXFileReference; fileEncoding = 4; lastKnownFileType = sourcecode.swift; path = RateCourseViewController.swift; sourceTree = "<group>"; };
		357E6A2B1C0FF3010009AF9A /* RenewViewController.swift */ = {isa = PBXFileReference; fileEncoding = 4; lastKnownFileType = sourcecode.swift; path = RenewViewController.swift; sourceTree = "<group>"; };
		357E6A2C1C0FF3010009AF9A /* ScreenTeacherViewController.swift */ = {isa = PBXFileReference; fileEncoding = 4; lastKnownFileType = sourcecode.swift; path = ScreenTeacherViewController.swift; sourceTree = "<group>"; };
		357E6A2D1C0FF3010009AF9A /* TeacherCommentListViewController.swift */ = {isa = PBXFileReference; fileEncoding = 4; lastKnownFileType = sourcecode.swift; path = TeacherCommentListViewController.swift; sourceTree = "<group>"; };
		357E6A2E1C0FF3010009AF9A /* TeacherDetailViewController.swift */ = {isa = PBXFileReference; fileEncoding = 4; lastKnownFileType = sourcecode.swift; path = TeacherDetailViewController.swift; sourceTree = "<group>"; };
		357E6A2F1C0FF3010009AF9A /* TeacherListViewController.swift */ = {isa = PBXFileReference; fileEncoding = 4; lastKnownFileType = sourcecode.swift; path = TeacherListViewController.swift; sourceTree = "<group>"; };
		35D7A2EF1C0FE82E007D7679 /* teacher.app */ = {isa = PBXFileReference; explicitFileType = wrapper.application; includeInIndex = 0; path = teacher.app; sourceTree = BUILT_PRODUCTS_DIR; };
		35D7A2F61C0FE82E007D7679 /* Base */ = {isa = PBXFileReference; lastKnownFileType = file.storyboard; name = Base; path = Base.lproj/Main.storyboard; sourceTree = "<group>"; };
		35D7A3061C0FE82E007D7679 /* teacherTests.swift */ = {isa = PBXFileReference; lastKnownFileType = sourcecode.swift; path = teacherTests.swift; sourceTree = "<group>"; };
		35D7A3081C0FE82E007D7679 /* Info.plist */ = {isa = PBXFileReference; lastKnownFileType = text.plist.xml; path = Info.plist; sourceTree = "<group>"; };
		35D7A3111C0FE82E007D7679 /* teacherUITests.swift */ = {isa = PBXFileReference; lastKnownFileType = sourcecode.swift; path = teacherUITests.swift; sourceTree = "<group>"; };
		35D7A3131C0FE82E007D7679 /* Info.plist */ = {isa = PBXFileReference; lastKnownFileType = text.plist.xml; path = Info.plist; sourceTree = "<group>"; };
		35D7A3211C0FE851007D7679 /* parent.app */ = {isa = PBXFileReference; explicitFileType = wrapper.application; includeInIndex = 0; path = parent.app; sourceTree = BUILT_PRODUCTS_DIR; };
		35D7A3381C0FE851007D7679 /* parentTests.swift */ = {isa = PBXFileReference; lastKnownFileType = sourcecode.swift; path = parentTests.swift; sourceTree = "<group>"; };
		35D7A33A1C0FE851007D7679 /* Info.plist */ = {isa = PBXFileReference; lastKnownFileType = text.plist.xml; path = Info.plist; sourceTree = "<group>"; };
		35D7A3431C0FE851007D7679 /* parentUITests.swift */ = {isa = PBXFileReference; lastKnownFileType = sourcecode.swift; path = parentUITests.swift; sourceTree = "<group>"; };
		35D7A3451C0FE851007D7679 /* Info.plist */ = {isa = PBXFileReference; lastKnownFileType = text.plist.xml; path = Info.plist; sourceTree = "<group>"; };
		A5927BAD1BEC8BD900E9BDB4 /* Info.plist */ = {isa = PBXFileReference; lastKnownFileType = text.plist.xml; path = Info.plist; sourceTree = "<group>"; };
		A5927BB61BEC8BD900E9BDB4 /* mala_iosTests.swift */ = {isa = PBXFileReference; lastKnownFileType = sourcecode.swift; path = mala_iosTests.swift; sourceTree = "<group>"; };
		A5927BB81BEC8BD900E9BDB4 /* Info.plist */ = {isa = PBXFileReference; lastKnownFileType = text.plist.xml; path = Info.plist; sourceTree = "<group>"; };
		A5927BC11BEC8BD900E9BDB4 /* mala_iosUITests.swift */ = {isa = PBXFileReference; lastKnownFileType = sourcecode.swift; path = mala_iosUITests.swift; sourceTree = "<group>"; };
		A5927BC31BEC8BD900E9BDB4 /* Info.plist */ = {isa = PBXFileReference; lastKnownFileType = text.plist.xml; path = Info.plist; sourceTree = "<group>"; };
		F23E4D30570AC246DCB565AE /* Pods.release.xcconfig */ = {isa = PBXFileReference; includeInIndex = 1; lastKnownFileType = text.xcconfig; name = Pods.release.xcconfig; path = "Pods/Target Support Files/Pods/Pods.release.xcconfig"; sourceTree = "<group>"; };
/* End PBXFileReference section */

/* Begin PBXFrameworksBuildPhase section */
		2EA566321C15B8B4008F511E /* Frameworks */ = {
			isa = PBXFrameworksBuildPhase;
			buildActionMask = 2147483647;
			files = (
				4B7729A525CC171AFEC029E0 /* Pods.framework in Frameworks */,
			);
			runOnlyForDeploymentPostprocessing = 0;
		};
		35D7A31E1C0FE851007D7679 /* Frameworks */ = {
			isa = PBXFrameworksBuildPhase;
			buildActionMask = 2147483647;
			files = (
				03F76CF796D8F7E2B1EBFD7E /* Pods.framework in Frameworks */,
			);
			runOnlyForDeploymentPostprocessing = 0;
		};
/* End PBXFrameworksBuildPhase section */

/* Begin PBXGroup section */
		2E65424A1C219781007AE628 /* TeacherListView */ = {
			isa = PBXGroup;
			children = (
				357E6A2F1C0FF3010009AF9A /* TeacherListViewController.swift */,
				2E65424D1C219BA3007AE628 /* TeacherCollectionCell.swift */,
			);
			name = TeacherListView;
			sourceTree = "<group>";
		};
		304135811C23AE6400830C43 /* Application */ = {
			isa = PBXGroup;
			children = (
				304135821C23AE6400830C43 /* AppDelegate.swift */,
			);
			path = Application;
			sourceTree = "<group>";
		};
		304135831C23AE6400830C43 /* Common */ = {
			isa = PBXGroup;
			children = (
				30F9E6C41C23BF6F0022A3BF /* Common.swift */,
				30D4AA061C23F04B00C5A336 /* CommonFlowLayout.swift */,
			);
			path = Common;
			sourceTree = "<group>";
		};
		304135841C23AE6400830C43 /* Controller */ = {
			isa = PBXGroup;
			children = (
				30F9E6C71C23D23C0022A3BF /* MainViewController.swift */,
				30D4A9FB1C23D81100C5A336 /* MainNavigationController.swift */,
				30D4A9FE1C23DF0C00C5A336 /* HomeViewController.swift */,
				30D4AA011C23DF2200C5A336 /* ProfileViewController.swift */,
			);
			path = Controller;
			sourceTree = "<group>";
		};
		304135851C23AE6400830C43 /* Extension */ = {
			isa = PBXGroup;
			children = (
				30D4AA121C2417A700C5A336 /* Extension+UIButton.swift */,
				30E3365D1C27A82C00DCF1C5 /* Extension+UIColor.swift */,
				3077884E1C297C34007AF6B0 /* Extension+UIImage.swift */,
			);
			path = Extension;
			sourceTree = "<group>";
		};
		304135861C23AE6400830C43 /* Model */ = {
			isa = PBXGroup;
			children = (
				30E336711C27F41900DCF1C5 /* GradeModel.swift */,
				30E336601C27A8AA00DCF1C5 /* BaseObjectModel.swift */,
				30E336731C27F61900DCF1C5 /* ResultModel.swift */,
				2ECF91491C2ACE7000904C3A /* TeacherModel.swift */,
			);
			path = Model;
			sourceTree = "<group>";
		};
		304135871C23AE6400830C43 /* Resource */ = {
			isa = PBXGroup;
			children = (
				304135881C23AE6400830C43 /* Assets.xcassets */,
				304135891C23AE6400830C43 /* LaunchScreen.storyboard */,
				307788511C2A3D7A007AF6B0 /* FilterCondition.plist */,
			);
			path = Resource;
			sourceTree = "<group>";
		};
		3041358B1C23AE6400830C43 /* TempFile */ = {
			isa = PBXGroup;
			children = (
				3041358C1C23AE6400830C43 /* 3rdParty */,
				3041359B1C23AE6400830C43 /* BackAPI.swift */,
				3041359C1C23AE6400830C43 /* DataViewController.swift */,
				3041359D1C23AE6400830C43 /* FeedbackViewController.swift */,
				3041359E1C23AE6400830C43 /* LoginViewController.swift */,
				3041359F1C23AE6400830C43 /* ModelController.swift */,
				304135A01C23AE6400830C43 /* MyCommentListViewController.swift */,
				304135A11C23AE6400830C43 /* RootViewController.swift */,
				304135A21C23AE6400830C43 /* TimetableViewController.swift */,
			);
			path = TempFile;
			sourceTree = "<group>";
		};
		3041358C1C23AE6400830C43 /* 3rdParty */ = {
			isa = PBXGroup;
			children = (
				3041358D1C23AE6400830C43 /* SwiftHTTP */,
			);
			path = 3rdParty;
			sourceTree = "<group>";
		};
		3041358D1C23AE6400830C43 /* SwiftHTTP */ = {
			isa = PBXGroup;
			children = (
				3041358E1C23AE6400830C43 /* CHANGELOG.md */,
				3041358F1C23AE6400830C43 /* HTTPSecurity.swift */,
				304135901C23AE6400830C43 /* LICENSE */,
				304135911C23AE6400830C43 /* Operation.swift */,
				304135921C23AE6400830C43 /* README.md */,
				304135931C23AE6400830C43 /* Request.swift */,
				304135941C23AE6400830C43 /* StatusCode.swift */,
				304135951C23AE6400830C43 /* Upload.swift */,
			);
			path = SwiftHTTP;
			sourceTree = "<group>";
		};
		304135A31C23AE6400830C43 /* View */ = {
			isa = PBXGroup;
			children = (
				30AE092E1C2AC92000FD607D /* TeacherFilterView */,
				2ECF914F1C30F6C400904C3A /* TeacherCollectionViewCell.swift */,
			);
			path = View;
			sourceTree = "<group>";
		};
		30AE092E1C2AC92000FD607D /* TeacherFilterView */ = {
			isa = PBXGroup;
			children = (
				30AE092F1C2AC92000FD607D /* TeacherFilterView.swift */,
				30AE09321C2AC94F00FD607D /* FilterViewCell.swift */,
				30AE09351C2BE56D00FD607D /* DropView.swift */,
			);
			path = TeacherFilterView;
			sourceTree = "<group>";
		};
		30E3366C1C27C41800DCF1C5 /* Tool */ = {
			isa = PBXGroup;
			children = (
				30E3366D1C27C44600DCF1C5 /* NetworkTool.swift */,
				307788571C2A58B1007AF6B0 /* OperatorOverload.swift */,
			);
			path = Tool;
			sourceTree = "<group>";
		};
		35D7A2F01C0FE82E007D7679 /* teacher */ = {
			isa = PBXGroup;
			children = (
				35D7A2F51C0FE82E007D7679 /* Main.storyboard */,
				357E6A161C0FF2EE0009AF9A /* BindCardViewController.swift */,
				357E6A171C0FF2EE0009AF9A /* IncomeViewController.swift */,
				357E6A181C0FF2EE0009AF9A /* InterviewStatusViewController.swift */,
				357E6A191C0FF2EE0009AF9A /* JoinViewController.swift */,
				357E6A1A1C0FF2EE0009AF9A /* TransactionListViewController.swift */,
				357E6A1B1C0FF2EE0009AF9A /* WithdrawViewController.swift */,
			);
			path = teacher;
			sourceTree = "<group>";
		};
		35D7A3051C0FE82E007D7679 /* teacherTests */ = {
			isa = PBXGroup;
			children = (
				35D7A3061C0FE82E007D7679 /* teacherTests.swift */,
				35D7A3081C0FE82E007D7679 /* Info.plist */,
			);
			path = teacherTests;
			sourceTree = "<group>";
		};
		35D7A3101C0FE82E007D7679 /* teacherUITests */ = {
			isa = PBXGroup;
			children = (
				35D7A3111C0FE82E007D7679 /* teacherUITests.swift */,
				35D7A3131C0FE82E007D7679 /* Info.plist */,
			);
			path = teacherUITests;
			sourceTree = "<group>";
		};
		35D7A3221C0FE851007D7679 /* parent */ = {
			isa = PBXGroup;
			children = (
				357E6A131C0FF1FF0009AF9A /* Main.storyboard */,
				2E65424A1C219781007AE628 /* TeacherListView */,
				357E6A221C0FF3010009AF9A /* AddressListViewController.swift */,
				357E6A231C0FF3010009AF9A /* CouponListViewController.swift */,
				357E6A241C0FF3010009AF9A /* MemberServiceDetailViewController.swift */,
				357E6A251C0FF3010009AF9A /* MemberServiceListViewController.swift */,
				357E6A261C0FF3010009AF9A /* OrderDetailViewController.swift */,
				357E6A271C0FF3010009AF9A /* PaymentMethodViewController.swift */,
				357E6A281C0FF3010009AF9A /* PaymentResultViewController.swift */,
				357E6A291C0FF3010009AF9A /* PlaceOrderViewController.swift */,
				357E6A2A1C0FF3010009AF9A /* RateCourseViewController.swift */,
				357E6A2B1C0FF3010009AF9A /* RenewViewController.swift */,
				357E6A2C1C0FF3010009AF9A /* ScreenTeacherViewController.swift */,
				357E6A2D1C0FF3010009AF9A /* TeacherCommentListViewController.swift */,
				357E6A2E1C0FF3010009AF9A /* TeacherDetailViewController.swift */,
			);
			path = parent;
			sourceTree = "<group>";
		};
		35D7A3371C0FE851007D7679 /* parentTests */ = {
			isa = PBXGroup;
			children = (
				35D7A3381C0FE851007D7679 /* parentTests.swift */,
				35D7A33A1C0FE851007D7679 /* Info.plist */,
			);
			path = parentTests;
			sourceTree = "<group>";
		};
		35D7A3421C0FE851007D7679 /* parentUITests */ = {
			isa = PBXGroup;
			children = (
				35D7A3431C0FE851007D7679 /* parentUITests.swift */,
				35D7A3451C0FE851007D7679 /* Info.plist */,
			);
			path = parentUITests;
			sourceTree = "<group>";
		};
		6FC09318899BCBAD5CF5F5D5 /* Pods */ = {
			isa = PBXGroup;
			children = (
				075DD8C5C398CF777FE8BF2C /* Pods.debug.xcconfig */,
				F23E4D30570AC246DCB565AE /* Pods.release.xcconfig */,
			);
			name = Pods;
			sourceTree = "<group>";
		};
		A5927B911BEC8BD900E9BDB4 = {
			isa = PBXGroup;
			children = (
				A5927B9C1BEC8BD900E9BDB4 /* mala-ios */,
				35D7A2F01C0FE82E007D7679 /* teacher */,
				35D7A3221C0FE851007D7679 /* parent */,
				A5927BB51BEC8BD900E9BDB4 /* mala-iosTests */,
				A5927BC01BEC8BD900E9BDB4 /* mala-iosUITests */,
				35D7A3371C0FE851007D7679 /* parentTests */,
				35D7A3421C0FE851007D7679 /* parentUITests */,
				35D7A3051C0FE82E007D7679 /* teacherTests */,
				35D7A3101C0FE82E007D7679 /* teacherUITests */,
				A5927B9B1BEC8BD900E9BDB4 /* Products */,
				6FC09318899BCBAD5CF5F5D5 /* Pods */,
				D07419656EA549B65E42E332 /* Frameworks */,
			);
			sourceTree = "<group>";
		};
		A5927B9B1BEC8BD900E9BDB4 /* Products */ = {
			isa = PBXGroup;
			children = (
				35D7A2EF1C0FE82E007D7679 /* teacher.app */,
				35D7A3211C0FE851007D7679 /* parent.app */,
			);
			name = Products;
			sourceTree = "<group>";
		};
		A5927B9C1BEC8BD900E9BDB4 /* mala-ios */ = {
			isa = PBXGroup;
			children = (
				304135811C23AE6400830C43 /* Application */,
				30E3366C1C27C41800DCF1C5 /* Tool */,
				304135831C23AE6400830C43 /* Common */,
				304135841C23AE6400830C43 /* Controller */,
				304135851C23AE6400830C43 /* Extension */,
				304135861C23AE6400830C43 /* Model */,
				304135871C23AE6400830C43 /* Resource */,
				3041358B1C23AE6400830C43 /* TempFile */,
				304135A31C23AE6400830C43 /* View */,
				A5927BAD1BEC8BD900E9BDB4 /* Info.plist */,
			);
			path = "mala-ios";
			sourceTree = "<group>";
		};
		A5927BB51BEC8BD900E9BDB4 /* mala-iosTests */ = {
			isa = PBXGroup;
			children = (
				A5927BB61BEC8BD900E9BDB4 /* mala_iosTests.swift */,
				A5927BB81BEC8BD900E9BDB4 /* Info.plist */,
			);
			path = "mala-iosTests";
			sourceTree = "<group>";
		};
		A5927BC01BEC8BD900E9BDB4 /* mala-iosUITests */ = {
			isa = PBXGroup;
			children = (
				A5927BC11BEC8BD900E9BDB4 /* mala_iosUITests.swift */,
				A5927BC31BEC8BD900E9BDB4 /* Info.plist */,
			);
			path = "mala-iosUITests";
			sourceTree = "<group>";
		};
		D07419656EA549B65E42E332 /* Frameworks */ = {
			isa = PBXGroup;
			children = (
				25DA83160369F01018BE7B4A /* Pods.framework */,
			);
			name = Frameworks;
			sourceTree = "<group>";
		};
/* End PBXGroup section */

/* Begin PBXNativeTarget section */
		35D7A2EE1C0FE82E007D7679 /* teacher */ = {
			isa = PBXNativeTarget;
			buildConfigurationList = 35D7A3141C0FE82E007D7679 /* Build configuration list for PBXNativeTarget "teacher" */;
			buildPhases = (
				0D69F06D78EF4DDF32D795AC /* Check Pods Manifest.lock */,
				35D7A2EB1C0FE82E007D7679 /* Sources */,
				2EA566321C15B8B4008F511E /* Frameworks */,
				35D7A2ED1C0FE82E007D7679 /* Resources */,
				54724F1D3D428492F51162D6 /* Embed Pods Frameworks */,
				7E304F4D07C3EACC200FAF1A /* Copy Pods Resources */,
			);
			buildRules = (
			);
			dependencies = (
			);
			name = teacher;
			productName = teacher;
			productReference = 35D7A2EF1C0FE82E007D7679 /* teacher.app */;
			productType = "com.apple.product-type.application";
		};
		35D7A3201C0FE851007D7679 /* parent */ = {
			isa = PBXNativeTarget;
			buildConfigurationList = 35D7A3461C0FE851007D7679 /* Build configuration list for PBXNativeTarget "parent" */;
			buildPhases = (
				393CBCE00FD8D9C1D900C433 /* Check Pods Manifest.lock */,
				35D7A31D1C0FE851007D7679 /* Sources */,
				35D7A31E1C0FE851007D7679 /* Frameworks */,
				35D7A31F1C0FE851007D7679 /* Resources */,
				1166DE4D39913B7CA7526262 /* Embed Pods Frameworks */,
				3E063ACBBA148B930F8299BA /* Copy Pods Resources */,
			);
			buildRules = (
			);
			dependencies = (
			);
			name = parent;
			productName = parent;
			productReference = 35D7A3211C0FE851007D7679 /* parent.app */;
			productType = "com.apple.product-type.application";
		};
/* End PBXNativeTarget section */

/* Begin PBXProject section */
		A5927B921BEC8BD900E9BDB4 /* Project object */ = {
			isa = PBXProject;
			attributes = {
				LastSwiftUpdateCheck = 0710;
				LastUpgradeCheck = 0710;
				ORGANIZATIONNAME = "Mala Online";
				TargetAttributes = {
					35D7A2EE1C0FE82E007D7679 = {
						CreatedOnToolsVersion = 7.1.1;
						DevelopmentTeam = 85KXKD6J43;
					};
					35D7A3201C0FE851007D7679 = {
						CreatedOnToolsVersion = 7.1.1;
						DevelopmentTeam = 85KXKD6J43;
					};
				};
			};
			buildConfigurationList = A5927B951BEC8BD900E9BDB4 /* Build configuration list for PBXProject "mala-ios" */;
			compatibilityVersion = "Xcode 3.2";
			developmentRegion = English;
			hasScannedForEncodings = 0;
			knownRegions = (
				en,
				Base,
			);
			mainGroup = A5927B911BEC8BD900E9BDB4;
			productRefGroup = A5927B9B1BEC8BD900E9BDB4 /* Products */;
			projectDirPath = "";
			projectRoot = "";
			targets = (
				35D7A2EE1C0FE82E007D7679 /* teacher */,
				35D7A3201C0FE851007D7679 /* parent */,
			);
		};
/* End PBXProject section */

/* Begin PBXResourcesBuildPhase section */
		35D7A2ED1C0FE82E007D7679 /* Resources */ = {
			isa = PBXResourcesBuildPhase;
			buildActionMask = 2147483647;
			files = (
				304135A81C23AE6400830C43 /* LaunchScreen.storyboard in Resources */,
				304135A61C23AE6400830C43 /* Assets.xcassets in Resources */,
				35D7A2F71C0FE82E007D7679 /* Main.storyboard in Resources */,
				307788521C2A3D7A007AF6B0 /* FilterCondition.plist in Resources */,
				304135AE1C23AE6400830C43 /* LICENSE in Resources */,
			);
			runOnlyForDeploymentPostprocessing = 0;
		};
		35D7A31F1C0FE851007D7679 /* Resources */ = {
			isa = PBXResourcesBuildPhase;
			buildActionMask = 2147483647;
			files = (
				307AB8621C323EC300D8397F /* FilterCondition.plist in Resources */,
				304135A71C23AE6400830C43 /* Assets.xcassets in Resources */,
			);
			runOnlyForDeploymentPostprocessing = 0;
		};
/* End PBXResourcesBuildPhase section */

/* Begin PBXShellScriptBuildPhase section */
		0D69F06D78EF4DDF32D795AC /* Check Pods Manifest.lock */ = {
			isa = PBXShellScriptBuildPhase;
			buildActionMask = 2147483647;
			files = (
			);
			inputPaths = (
			);
			name = "Check Pods Manifest.lock";
			outputPaths = (
			);
			runOnlyForDeploymentPostprocessing = 0;
			shellPath = /bin/sh;
			shellScript = "diff \"${PODS_ROOT}/../Podfile.lock\" \"${PODS_ROOT}/Manifest.lock\" > /dev/null\nif [[ $? != 0 ]] ; then\n    cat << EOM\nerror: The sandbox is not in sync with the Podfile.lock. Run 'pod install' or update your CocoaPods installation.\nEOM\n    exit 1\nfi\n";
			showEnvVarsInLog = 0;
		};
		1166DE4D39913B7CA7526262 /* Embed Pods Frameworks */ = {
			isa = PBXShellScriptBuildPhase;
			buildActionMask = 2147483647;
			files = (
			);
			inputPaths = (
			);
			name = "Embed Pods Frameworks";
			outputPaths = (
			);
			runOnlyForDeploymentPostprocessing = 0;
			shellPath = /bin/sh;
			shellScript = "\"${SRCROOT}/Pods/Target Support Files/Pods/Pods-frameworks.sh\"\n";
			showEnvVarsInLog = 0;
		};
		393CBCE00FD8D9C1D900C433 /* Check Pods Manifest.lock */ = {
			isa = PBXShellScriptBuildPhase;
			buildActionMask = 2147483647;
			files = (
			);
			inputPaths = (
			);
			name = "Check Pods Manifest.lock";
			outputPaths = (
			);
			runOnlyForDeploymentPostprocessing = 0;
			shellPath = /bin/sh;
			shellScript = "diff \"${PODS_ROOT}/../Podfile.lock\" \"${PODS_ROOT}/Manifest.lock\" > /dev/null\nif [[ $? != 0 ]] ; then\n    cat << EOM\nerror: The sandbox is not in sync with the Podfile.lock. Run 'pod install' or update your CocoaPods installation.\nEOM\n    exit 1\nfi\n";
			showEnvVarsInLog = 0;
		};
		3E063ACBBA148B930F8299BA /* Copy Pods Resources */ = {
			isa = PBXShellScriptBuildPhase;
			buildActionMask = 2147483647;
			files = (
			);
			inputPaths = (
			);
			name = "Copy Pods Resources";
			outputPaths = (
			);
			runOnlyForDeploymentPostprocessing = 0;
			shellPath = /bin/sh;
			shellScript = "\"${SRCROOT}/Pods/Target Support Files/Pods/Pods-resources.sh\"\n";
			showEnvVarsInLog = 0;
		};
		54724F1D3D428492F51162D6 /* Embed Pods Frameworks */ = {
			isa = PBXShellScriptBuildPhase;
			buildActionMask = 2147483647;
			files = (
			);
			inputPaths = (
			);
			name = "Embed Pods Frameworks";
			outputPaths = (
			);
			runOnlyForDeploymentPostprocessing = 0;
			shellPath = /bin/sh;
			shellScript = "\"${SRCROOT}/Pods/Target Support Files/Pods/Pods-frameworks.sh\"\n";
			showEnvVarsInLog = 0;
		};
		7E304F4D07C3EACC200FAF1A /* Copy Pods Resources */ = {
			isa = PBXShellScriptBuildPhase;
			buildActionMask = 2147483647;
			files = (
			);
			inputPaths = (
			);
			name = "Copy Pods Resources";
			outputPaths = (
			);
			runOnlyForDeploymentPostprocessing = 0;
			shellPath = /bin/sh;
			shellScript = "\"${SRCROOT}/Pods/Target Support Files/Pods/Pods-resources.sh\"\n";
			showEnvVarsInLog = 0;
		};
/* End PBXShellScriptBuildPhase section */

/* Begin PBXSourcesBuildPhase section */
		35D7A2EB1C0FE82E007D7679 /* Sources */ = {
			isa = PBXSourcesBuildPhase;
			buildActionMask = 2147483647;
			files = (
				30D4AA041C23E03600C5A336 /* RootViewController.swift in Sources */,
				304135C81C23AE6400830C43 /* LoginViewController.swift in Sources */,
				304135C41C23AE6400830C43 /* DataViewController.swift in Sources */,
				30F9E6C51C23BF6F0022A3BF /* Common.swift in Sources */,
				30AE09361C2BE56D00FD607D /* DropView.swift in Sources */,
				304135D01C23AE6400830C43 /* TimetableViewController.swift in Sources */,
				30E336611C27A8AA00DCF1C5 /* BaseObjectModel.swift in Sources */,
				304135B81C23AE6400830C43 /* Upload.swift in Sources */,
				304135C61C23AE6400830C43 /* FeedbackViewController.swift in Sources */,
				30E336741C27F61900DCF1C5 /* ResultModel.swift in Sources */,
				304135B61C23AE6400830C43 /* StatusCode.swift in Sources */,
				357E6A1F1C0FF2EE0009AF9A /* JoinViewController.swift in Sources */,
				304135B41C23AE6400830C43 /* Request.swift in Sources */,
				30AE09331C2AC94F00FD607D /* FilterViewCell.swift in Sources */,
				357E6A1D1C0FF2EE0009AF9A /* IncomeViewController.swift in Sources */,
				30D4AA021C23DF2200C5A336 /* ProfileViewController.swift in Sources */,
				357E6A201C0FF2EE0009AF9A /* TransactionListViewController.swift in Sources */,
				3077884F1C297C34007AF6B0 /* Extension+UIImage.swift in Sources */,
				304135CA1C23AE6400830C43 /* ModelController.swift in Sources */,
				304135B01C23AE6400830C43 /* Operation.swift in Sources */,
				307788581C2A58B1007AF6B0 /* OperatorOverload.swift in Sources */,
				304135AC1C23AE6400830C43 /* HTTPSecurity.swift in Sources */,
				30D4AA071C23F04B00C5A336 /* CommonFlowLayout.swift in Sources */,
				30D4AA131C2417A700C5A336 /* Extension+UIButton.swift in Sources */,
				30E3365E1C27A82C00DCF1C5 /* Extension+UIColor.swift in Sources */,
				30E3366E1C27C44600DCF1C5 /* NetworkTool.swift in Sources */,
				30D4A9FC1C23D81100C5A336 /* MainNavigationController.swift in Sources */,
				30D4A9FF1C23DF0C00C5A336 /* HomeViewController.swift in Sources */,
				357E6A1E1C0FF2EE0009AF9A /* InterviewStatusViewController.swift in Sources */,
				304135A41C23AE6400830C43 /* AppDelegate.swift in Sources */,
				304135C21C23AE6400830C43 /* BackAPI.swift in Sources */,
				304135CC1C23AE6400830C43 /* MyCommentListViewController.swift in Sources */,
				357E6A1C1C0FF2EE0009AF9A /* BindCardViewController.swift in Sources */,
				30F9E6C81C23D23C0022A3BF /* MainViewController.swift in Sources */,
				357E6A211C0FF2EE0009AF9A /* WithdrawViewController.swift in Sources */,
				30E336721C27F41900DCF1C5 /* GradeModel.swift in Sources */,
				30AE09301C2AC92000FD607D /* TeacherFilterView.swift in Sources */,
			);
			runOnlyForDeploymentPostprocessing = 0;
		};
		35D7A31D1C0FE851007D7679 /* Sources */ = {
			isa = PBXSourcesBuildPhase;
			buildActionMask = 2147483647;
			files = (
				307AB8601C323BDF00D8397F /* TeacherModel.swift in Sources */,
				307AB8611C323BDF00D8397F /* TeacherCollectionViewCell.swift in Sources */,
				307AB85D1C3165FC00D8397F /* NetworkTool.swift in Sources */,
				30E336761C28061700DCF1C5 /* GradeModel.swift in Sources */,
				30D4AA051C23E07600C5A336 /* Common.swift in Sources */,
				2E65424E1C219BA3007AE628 /* TeacherCollectionCell.swift in Sources */,
				30E336621C27A8AA00DCF1C5 /* BaseObjectModel.swift in Sources */,
				30D4AA141C2417A700C5A336 /* Extension+UIButton.swift in Sources */,
				30D4AA001C23DF0C00C5A336 /* HomeViewController.swift in Sources */,
				30AE09371C2BE56D00FD607D /* DropView.swift in Sources */,
				30AE09311C2AC92000FD607D /* TeacherFilterView.swift in Sources */,
				30E3365F1C27A82C00DCF1C5 /* Extension+UIColor.swift in Sources */,
				30E336751C27F61900DCF1C5 /* ResultModel.swift in Sources */,
				307788501C297C34007AF6B0 /* Extension+UIImage.swift in Sources */,
				30F9E6C91C23D23C0022A3BF /* MainViewController.swift in Sources */,
				30D4A9FD1C23D81100C5A336 /* MainNavigationController.swift in Sources */,
				304135A51C23AE6400830C43 /* AppDelegate.swift in Sources */,
				307788591C2A58B1007AF6B0 /* OperatorOverload.swift in Sources */,
				30D4AA081C23F04B00C5A336 /* CommonFlowLayout.swift in Sources */,
				30D4AA031C23DF2200C5A336 /* ProfileViewController.swift in Sources */,
				357E6A341C0FF3010009AF9A /* OrderDetailViewController.swift in Sources */,
				30AE09341C2AC94F00FD607D /* FilterViewCell.swift in Sources */,
			);
			runOnlyForDeploymentPostprocessing = 0;
		};
/* End PBXSourcesBuildPhase section */

/* Begin PBXVariantGroup section */
		304135891C23AE6400830C43 /* LaunchScreen.storyboard */ = {
			isa = PBXVariantGroup;
			children = (
				3041358A1C23AE6400830C43 /* Base */,
			);
			name = LaunchScreen.storyboard;
			sourceTree = "<group>";
		};
		357E6A131C0FF1FF0009AF9A /* Main.storyboard */ = {
			isa = PBXVariantGroup;
			children = (
				357E6A141C0FF1FF0009AF9A /* Base */,
			);
			name = Main.storyboard;
			sourceTree = "<group>";
		};
		35D7A2F51C0FE82E007D7679 /* Main.storyboard */ = {
			isa = PBXVariantGroup;
			children = (
				35D7A2F61C0FE82E007D7679 /* Base */,
			);
			name = Main.storyboard;
			sourceTree = "<group>";
		};
/* End PBXVariantGroup section */

/* Begin XCBuildConfiguration section */
		35D7A3151C0FE82E007D7679 /* Debug */ = {
			isa = XCBuildConfiguration;
			baseConfigurationReference = 075DD8C5C398CF777FE8BF2C /* Pods.debug.xcconfig */;
			buildSettings = {
				ASSETCATALOG_COMPILER_APPICON_NAME = AppIcon;
				CODE_SIGN_IDENTITY = "iPhone Developer";
				INFOPLIST_FILE = "$(SRCROOT)/mala-ios/Info.plist";
				IPHONEOS_DEPLOYMENT_TARGET = 7.0;
				LD_RUNPATH_SEARCH_PATHS = "$(inherited) @executable_path/Frameworks";
				PRODUCT_BUNDLE_IDENTIFIER = com.malalaoshi.ios.teacher;
				PRODUCT_NAME = "$(TARGET_NAME)";
			};
			name = Debug;
		};
		35D7A3161C0FE82E007D7679 /* Release */ = {
			isa = XCBuildConfiguration;
			baseConfigurationReference = F23E4D30570AC246DCB565AE /* Pods.release.xcconfig */;
			buildSettings = {
				ASSETCATALOG_COMPILER_APPICON_NAME = AppIcon;
				CODE_SIGN_IDENTITY = "iPhone Developer";
				INFOPLIST_FILE = "$(SRCROOT)/mala-ios/Info.plist";
				IPHONEOS_DEPLOYMENT_TARGET = 7.0;
				LD_RUNPATH_SEARCH_PATHS = "$(inherited) @executable_path/Frameworks";
				PRODUCT_BUNDLE_IDENTIFIER = com.malalaoshi.ios.teacher;
				PRODUCT_NAME = "$(TARGET_NAME)";
			};
			name = Release;
		};
		35D7A3471C0FE851007D7679 /* Debug */ = {
			isa = XCBuildConfiguration;
			baseConfigurationReference = 075DD8C5C398CF777FE8BF2C /* Pods.debug.xcconfig */;
			buildSettings = {
				ASSETCATALOG_COMPILER_APPICON_NAME = AppIcon;
				CODE_SIGN_IDENTITY = "iPhone Developer";
				INFOPLIST_FILE = "$(SRCROOT)/mala-ios/Info.plist";
				IPHONEOS_DEPLOYMENT_TARGET = 8.0;
				LD_RUNPATH_SEARCH_PATHS = "$(inherited) @executable_path/Frameworks";
				PRODUCT_BUNDLE_IDENTIFIER = com.malalaoshi.ios.parent;
				PRODUCT_NAME = "$(TARGET_NAME)";
			};
			name = Debug;
		};
		35D7A3481C0FE851007D7679 /* Release */ = {
			isa = XCBuildConfiguration;
			baseConfigurationReference = F23E4D30570AC246DCB565AE /* Pods.release.xcconfig */;
			buildSettings = {
				ASSETCATALOG_COMPILER_APPICON_NAME = AppIcon;
				CODE_SIGN_IDENTITY = "iPhone Developer";
				INFOPLIST_FILE = "$(SRCROOT)/mala-ios/Info.plist";
				IPHONEOS_DEPLOYMENT_TARGET = 8.0;
				LD_RUNPATH_SEARCH_PATHS = "$(inherited) @executable_path/Frameworks";
				PRODUCT_BUNDLE_IDENTIFIER = com.malalaoshi.ios.parent;
				PRODUCT_NAME = "$(TARGET_NAME)";
			};
			name = Release;
		};
		A5927BC41BEC8BD900E9BDB4 /* Debug */ = {
			isa = XCBuildConfiguration;
			buildSettings = {
				ALWAYS_SEARCH_USER_PATHS = NO;
				CLANG_CXX_LANGUAGE_STANDARD = "gnu++0x";
				CLANG_CXX_LIBRARY = "libc++";
				CLANG_ENABLE_MODULES = YES;
				CLANG_ENABLE_OBJC_ARC = YES;
				CLANG_WARN_BOOL_CONVERSION = YES;
				CLANG_WARN_CONSTANT_CONVERSION = YES;
				CLANG_WARN_DIRECT_OBJC_ISA_USAGE = YES_ERROR;
				CLANG_WARN_EMPTY_BODY = YES;
				CLANG_WARN_ENUM_CONVERSION = YES;
				CLANG_WARN_INT_CONVERSION = YES;
				CLANG_WARN_OBJC_ROOT_CLASS = YES_ERROR;
				CLANG_WARN_UNREACHABLE_CODE = YES;
				CLANG_WARN__DUPLICATE_METHOD_MATCH = YES;
				"CODE_SIGN_IDENTITY[sdk=iphoneos*]" = "iPhone Developer";
				COPY_PHASE_STRIP = NO;
				DEBUG_INFORMATION_FORMAT = dwarf;
				ENABLE_STRICT_OBJC_MSGSEND = YES;
				ENABLE_TESTABILITY = YES;
				GCC_C_LANGUAGE_STANDARD = gnu99;
				GCC_DYNAMIC_NO_PIC = NO;
				GCC_NO_COMMON_BLOCKS = YES;
				GCC_OPTIMIZATION_LEVEL = 0;
				GCC_PREPROCESSOR_DEFINITIONS = (
					"DEBUG=1",
					"$(inherited)",
				);
				GCC_WARN_64_TO_32_BIT_CONVERSION = YES;
				GCC_WARN_ABOUT_RETURN_TYPE = YES_ERROR;
				GCC_WARN_UNDECLARED_SELECTOR = YES;
				GCC_WARN_UNINITIALIZED_AUTOS = YES_AGGRESSIVE;
				GCC_WARN_UNUSED_FUNCTION = YES;
				GCC_WARN_UNUSED_VARIABLE = YES;
				IPHONEOS_DEPLOYMENT_TARGET = 7.0;
				MTL_ENABLE_DEBUG_INFO = YES;
				ONLY_ACTIVE_ARCH = YES;
				SDKROOT = iphoneos;
				SWIFT_OPTIMIZATION_LEVEL = "-Onone";
				TARGETED_DEVICE_FAMILY = "1,2";
			};
			name = Debug;
		};
		A5927BC51BEC8BD900E9BDB4 /* Release */ = {
			isa = XCBuildConfiguration;
			buildSettings = {
				ALWAYS_SEARCH_USER_PATHS = NO;
				CLANG_CXX_LANGUAGE_STANDARD = "gnu++0x";
				CLANG_CXX_LIBRARY = "libc++";
				CLANG_ENABLE_MODULES = YES;
				CLANG_ENABLE_OBJC_ARC = YES;
				CLANG_WARN_BOOL_CONVERSION = YES;
				CLANG_WARN_CONSTANT_CONVERSION = YES;
				CLANG_WARN_DIRECT_OBJC_ISA_USAGE = YES_ERROR;
				CLANG_WARN_EMPTY_BODY = YES;
				CLANG_WARN_ENUM_CONVERSION = YES;
				CLANG_WARN_INT_CONVERSION = YES;
				CLANG_WARN_OBJC_ROOT_CLASS = YES_ERROR;
				CLANG_WARN_UNREACHABLE_CODE = YES;
				CLANG_WARN__DUPLICATE_METHOD_MATCH = YES;
				"CODE_SIGN_IDENTITY[sdk=iphoneos*]" = "iPhone Developer";
				COPY_PHASE_STRIP = NO;
				DEBUG_INFORMATION_FORMAT = "dwarf-with-dsym";
				ENABLE_NS_ASSERTIONS = NO;
				ENABLE_STRICT_OBJC_MSGSEND = YES;
				GCC_C_LANGUAGE_STANDARD = gnu99;
				GCC_NO_COMMON_BLOCKS = YES;
				GCC_WARN_64_TO_32_BIT_CONVERSION = YES;
				GCC_WARN_ABOUT_RETURN_TYPE = YES_ERROR;
				GCC_WARN_UNDECLARED_SELECTOR = YES;
				GCC_WARN_UNINITIALIZED_AUTOS = YES_AGGRESSIVE;
				GCC_WARN_UNUSED_FUNCTION = YES;
				GCC_WARN_UNUSED_VARIABLE = YES;
				IPHONEOS_DEPLOYMENT_TARGET = 7.0;
				MTL_ENABLE_DEBUG_INFO = NO;
				SDKROOT = iphoneos;
				TARGETED_DEVICE_FAMILY = "1,2";
				VALIDATE_PRODUCT = YES;
			};
			name = Release;
		};
/* End XCBuildConfiguration section */

/* Begin XCConfigurationList section */
		35D7A3141C0FE82E007D7679 /* Build configuration list for PBXNativeTarget "teacher" */ = {
			isa = XCConfigurationList;
			buildConfigurations = (
				35D7A3151C0FE82E007D7679 /* Debug */,
				35D7A3161C0FE82E007D7679 /* Release */,
			);
			defaultConfigurationIsVisible = 0;
			defaultConfigurationName = Release;
		};
		35D7A3461C0FE851007D7679 /* Build configuration list for PBXNativeTarget "parent" */ = {
			isa = XCConfigurationList;
			buildConfigurations = (
				35D7A3471C0FE851007D7679 /* Debug */,
				35D7A3481C0FE851007D7679 /* Release */,
			);
			defaultConfigurationIsVisible = 0;
			defaultConfigurationName = Release;
		};
		A5927B951BEC8BD900E9BDB4 /* Build configuration list for PBXProject "mala-ios" */ = {
			isa = XCConfigurationList;
			buildConfigurations = (
				A5927BC41BEC8BD900E9BDB4 /* Debug */,
				A5927BC51BEC8BD900E9BDB4 /* Release */,
			);
			defaultConfigurationIsVisible = 0;
			defaultConfigurationName = Release;
		};
/* End XCConfigurationList section */
	};
	rootObject = A5927B921BEC8BD900E9BDB4 /* Project object */;
}
