PODS:
  - Alamofire (3.3.1)
  - Charts (2.2.4):
    - Charts/Core (= 2.2.4)
  - Charts/Core (2.2.4)
  - DateTools (1.7.0)
  - FirebaseAnalytics (3.2.1):
    - FirebaseInstanceID (~> 1.0)
    - GoogleInterchangeUtilities (~> 1.2)
    - GoogleSymbolUtilities (~> 1.1)
    - GoogleUtilities (~> 1.3)
  - FirebaseInstanceID (1.0.7)
  - Google/Analytics (3.0.3):
    - Google/Core
    - GoogleAnalytics (~> 3.12)
  - Google/Core (3.0.3):
    - FirebaseAnalytics (~> 3.2)
  - GoogleAnalytics (3.14.0)
  - GoogleInterchangeUtilities (1.2.1):
    - GoogleSymbolUtilities (~> 1.0)
  - GoogleSymbolUtilities (1.1.1)
  - GoogleUtilities (1.3.1):
    - GoogleSymbolUtilities (~> 1.0)
  - IQKeyboardManagerSwift (4.0.3)
  - Kingfisher (2.2.2)
  - Pingpp/Alipay (2.2.4):
    - Pingpp/Core
  - Pingpp/Core (2.2.4):
    - Pingpp/Network
  - Pingpp/Network (2.2.4)
  - Pingpp/Wx (2.2.4):
    - Pingpp/Core
  - SnapKit (0.20.0)

DEPENDENCIES:
  - Alamofire (~> 3.3.0)
  - Charts (~> 2.2.4)
  - DateTools (~> 1.7.0)
  - Google/Analytics
  - IQKeyboardManagerSwift (~> 4.0.0)
  - Kingfisher (~> 2.2.0)
  - Pingpp/Alipay (~> 2.2.0)
  - Pingpp/Wx (~> 2.2.0)
  - SnapKit (~> 0.20.0)

SPEC CHECKSUMS:
  Alamofire: 369bc67b6f5ac33ded3648d7bd21c5bfb91c2ecc
  Charts: a9e735c83c6d376ade20f6612dcf0ba217394a49
  DateTools: 53288ee8b905fdc75897a1e6b5cc0144b14cba60
  FirebaseAnalytics: 0fd6532cb2c3d03cd5cf26ad295ccb091efd3104
  FirebaseInstanceID: a9d923f3d0b6fbf9fac89310860357aaadc34be5
  Google: 813c467362eabc11385f5a5cc9ad0cb651a58f4e
  GoogleAnalytics: 9be1afdb8deeac4bb5f13ca7f7d3b9db2a1f43dc
  GoogleInterchangeUtilities: def8415a862effc67d549d5b5b0b9c7a2f97d4de
  GoogleSymbolUtilities: 33117db1b5f290c6fbf259585e4885b4c84b98d7
  GoogleUtilities: 56c5ac05b7aa5dc417a1bb85221a9516e04d7032
  IQKeyboardManagerSwift: b6883b720b0e76473692fdc80828442566e1075f
  Kingfisher: 7e8de5b0cf7b5dc8ec559d193029a0859df93ef1
  Pingpp: 89c262bc06cd559b318595c43af3926f1d851334
  SnapKit: 5fce3c1bbbf1fbd31de9aa92f33eb9fa03f15650

PODFILE CHECKSUM: c8f2e9052bc20db805b7f61cc3d6cc8fc005e351

COCOAPODS: 1.0.0
